
Microsoft Visual Studio Solution File, Format Version 12.00
# Visual Studio Version 16
VisualStudioVersion = 16.0.35229.62
MinimumVisualStudioVersion = 10.0.40219.1
Project("{FAE04EC0-301F-11D3-BF4B-00C04F79EFBC}") = "ConsoleApp1", "ConsoleApp1\ConsoleApp1.csproj", "{95CE3126-CB82-4922-BB41-7BDC212410E6}"
EndProject
Project("{2150E333-8FDC-42A3-9474-1A3956D46DE8}") = "Solution Items", "Solution Items", "{368A3579-B2B5-430D-BC93-E0EE32A5611B}"
EndProject
Global
	GlobalSection(SolutionConfigurationPlatforms) = preSolution
		Debug|Any CPU = Debug|Any CPU
		Release|Any CPU = Release|Any CPU
	EndGlobalSection
	GlobalSection(ProjectConfigurationPlatforms) = postSolution
		{95CE3126-CB82-4922-BB41-7BDC212410E6}.Debug|Any CPU.ActiveCfg = Debug|Any CPU
		{95CE3126-CB82-4922-BB41-7BDC212410E6}.Debug|Any CPU.Build.0 = Debug|Any CPU
		{95CE3126-CB82-4922-BB41-7BDC212410E6}.Release|Any CPU.ActiveCfg = Release|Any CPU
		{95CE3126-CB82-4922-BB41-7BDC212410E6}.Release|Any CPU.Build.0 = Release|Any CPU
	EndGlobalSection
	GlobalSection(SolutionProperties) = preSolution
		HideSolutionNode = FALSE
	EndGlobalSection
	GlobalSection(ExtensibilityGlobals) = postSolution
		SolutionGuid = {0E4C3E2E-D006-4B78-A28C-754AD781A880}
	EndGlobalSection
EndGlobal
